
Microsoft Visual Studio Solution File, Format Version 12.00
# Visual Studio 2015
Project("{FAE04EC0-301F-11D3-BF4B-00C04F79EFBC}") = "DeadField.CSharp.Plugins", "DeadField.CSharp.Plugins.csproj", "{A564C4DD-2670-5E83-FC2A-12489D624763}"
EndProject
Project("{FAE04EC0-301F-11D3-BF4B-00C04F79EFBC}") = "DeadField.CSharp", "DeadField.CSharp.csproj", "{6965522F-0FFB-1889-9754-77588183C2A5}"
EndProject
Global
	GlobalSection(SolutionConfigurationPlatforms) = preSolution
		Debug|Any CPU = Debug|Any CPU
		Release|Any CPU = Release|Any CPU
	EndGlobalSection
	GlobalSection(ProjectConfigurationPlatforms) = postSolution
		{A564C4DD-2670-5E83-FC2A-12489D624763}.Debug|Any CPU.ActiveCfg = Debug|Any CPU
		{A564C4DD-2670-5E83-FC2A-12489D624763}.Debug|Any CPU.Build.0 = Debug|Any CPU
		{A564C4DD-2670-5E83-FC2A-12489D624763}.Release|Any CPU.ActiveCfg = Release|Any CPU
		{A564C4DD-2670-5E83-FC2A-12489D624763}.Release|Any CPU.Build.0 = Release|Any CPU
		{6965522F-0FFB-1889-9754-77588183C2A5}.Debug|Any CPU.ActiveCfg = Debug|Any CPU
		{6965522F-0FFB-1889-9754-77588183C2A5}.Debug|Any CPU.Build.0 = Debug|Any CPU
		{6965522F-0FFB-1889-9754-77588183C2A5}.Release|Any CPU.ActiveCfg = Release|Any CPU
		{6965522F-0FFB-1889-9754-77588183C2A5}.Release|Any CPU.Build.0 = Release|Any CPU
	EndGlobalSection
	GlobalSection(SolutionProperties) = preSolution
		HideSolutionNode = FALSE
	EndGlobalSection
EndGlobal
